
Microsoft Visual Studio Solution File, Format Version 12.00
# Visual Studio Version 17
VisualStudioVersion = 17.2.32630.192
MinimumVisualStudioVersion = 10.0.40219.1
Project("{FAE04EC0-301F-11D3-BF4B-00C04F79EFBC}") = "SampleAppWeb", "SampleAppWeb\SampleAppWeb.csproj", "{2ED260B0-3C57-4875-9B47-0649A24DE7A0}"
EndProject
Project("{FAE04EC0-301F-11D3-BF4B-00C04F79EFBC}") = "SampleAppWeb.EntityFramework", "SampleAppWeb.EntityFramework\SampleAppWeb.EntityFramework.csproj", "{5FF141C6-99C8-4090-9965-D71F733EEA4D}"
EndProject
Project("{FAE04EC0-301F-11D3-BF4B-00C04F79EFBC}") = "SampleAppWeb.Uow", "SampleAppWeb.Uow\SampleAppWeb.Uow.csproj", "{4D7893E5-49A2-4BC5-9D59-F0562080078C}"
EndProject
Global
	GlobalSection(SolutionConfigurationPlatforms) = preSolution
		Debug|Any CPU = Debug|Any CPU
		Release|Any CPU = Release|Any CPU
	EndGlobalSection
	GlobalSection(ProjectConfigurationPlatforms) = postSolution
		{2ED260B0-3C57-4875-9B47-0649A24DE7A0}.Debug|Any CPU.ActiveCfg = Debug|Any CPU
		{2ED260B0-3C57-4875-9B47-0649A24DE7A0}.Debug|Any CPU.Build.0 = Debug|Any CPU
		{2ED260B0-3C57-4875-9B47-0649A24DE7A0}.Release|Any CPU.ActiveCfg = Release|Any CPU
		{2ED260B0-3C57-4875-9B47-0649A24DE7A0}.Release|Any CPU.Build.0 = Release|Any CPU
		{5FF141C6-99C8-4090-9965-D71F733EEA4D}.Debug|Any CPU.ActiveCfg = Debug|Any CPU
		{5FF141C6-99C8-4090-9965-D71F733EEA4D}.Debug|Any CPU.Build.0 = Debug|Any CPU
		{5FF141C6-99C8-4090-9965-D71F733EEA4D}.Release|Any CPU.ActiveCfg = Release|Any CPU
		{5FF141C6-99C8-4090-9965-D71F733EEA4D}.Release|Any CPU.Build.0 = Release|Any CPU
		{4D7893E5-49A2-4BC5-9D59-F0562080078C}.Debug|Any CPU.ActiveCfg = Debug|Any CPU
		{4D7893E5-49A2-4BC5-9D59-F0562080078C}.Debug|Any CPU.Build.0 = Debug|Any CPU
		{4D7893E5-49A2-4BC5-9D59-F0562080078C}.Release|Any CPU.ActiveCfg = Release|Any CPU
		{4D7893E5-49A2-4BC5-9D59-F0562080078C}.Release|Any CPU.Build.0 = Release|Any CPU
	EndGlobalSection
	GlobalSection(SolutionProperties) = preSolution
		HideSolutionNode = FALSE
	EndGlobalSection
	GlobalSection(ExtensibilityGlobals) = postSolution
		SolutionGuid = {4965E0A6-158D-498B-BDC4-4E56FF06F4CA}
	EndGlobalSection
EndGlobal
